{
  "name": "virtuallist-antd",
  "version": "0.1.2",
  "lockfileVersion": 1,
  "requires": true,
  "dependencies": {
    "@babel/helper-plugin-utils": {
      "version": "7.0.0",
      "resolved": "https://registry.npmjs.org/@babel/helper-plugin-utils/-/helper-plugin-utils-7.0.0.tgz",
      "integrity": "sha512-CYAOUCARwExnEixLdB6sDm2dIJ/YgEAKDM1MOeMeZu9Ld/bDgVo8aiWrXwcY7OBh+1Ea2uUcVRcxKk0GJvW7QA=="
    },
    "@babel/plugin-proposal-nullish-coalescing-operator": {
      "version": "7.7.4",
      "resolved": "https://registry.npmjs.org/@babel/plugin-proposal-nullish-coalescing-operator/-/plugin-proposal-nullish-coalescing-operator-7.7.4.tgz",
      "integrity": "sha512-TbYHmr1Gl1UC7Vo2HVuj/Naci5BEGNZ0AJhzqD2Vpr6QPFWpUmBRLrIDjedzx7/CShq0bRDS2gI4FIs77VHLVQ==",
      "requires": {
        "@babel/helper-plugin-utils": "^7.0.0",
        "@babel/plugin-syntax-nullish-coalescing-operator": "^7.7.4"
      }
    },
    "@babel/plugin-proposal-optional-chaining": {
      "version": "7.7.4",
      "resolved": "https://registry.npmjs.org/@babel/plugin-proposal-optional-chaining/-/plugin-proposal-optional-chaining-7.7.4.tgz",
      "integrity": "sha512-JmgaS+ygAWDR/STPe3/7y0lNlHgS+19qZ9aC06nYLwQ/XB7c0q5Xs+ksFU3EDnp9EiEsO0dnRAOKeyLHTZuW3A==",
      "requires": {
        "@babel/helper-plugin-utils": "^7.0.0",
        "@babel/plugin-syntax-optional-chaining": "^7.7.4"
      }
    },
    "@babel/plugin-syntax-nullish-coalescing-operator": {
      "version": "7.7.4",
      "resolved": "https://registry.npmjs.org/@babel/plugin-syntax-nullish-coalescing-operator/-/plugin-syntax-nullish-coalescing-operator-7.7.4.tgz",
      "integrity": "sha512-XKh/yIRPiQTOeBg0QJjEus5qiSKucKAiApNtO1psqG7D17xmE+X2i5ZqBEuSvo0HRuyPaKaSN/Gy+Ha9KFQolw==",
      "requires": {
        "@babel/helper-plugin-utils": "^7.0.0"
      }
    },
    "@babel/plugin-syntax-optional-chaining": {
      "version": "7.7.4",
      "resolved": "https://registry.npmjs.org/@babel/plugin-syntax-optional-chaining/-/plugin-syntax-optional-chaining-7.7.4.tgz",
      "integrity": "sha512-2MqYD5WjZSbJdUagnJvIdSfkb/ucOC9/1fRJxm7GAxY6YQLWlUvkfxoNbUPcPLHJyetKUDQ4+yyuUyAoc0HriA==",
      "requires": {
        "@babel/helper-plugin-utils": "^7.0.0"
      }
    },
    "@types/lodash": {
      "version": "4.14.149",
      "resolved": "https://registry.npm.taobao.org/@types/lodash/download/@types/lodash-4.14.149.tgz",
      "integrity": "sha1-E0LWPZSMYGKDj7+WEBL3TU5jhEA="
    },
    "@types/lodash-es": {
      "version": "4.17.3",
      "resolved": "https://registry.npm.taobao.org/@types/lodash-es/download/@types/lodash-es-4.17.3.tgz",
      "integrity": "sha1-h+sLNnOwdrjuZV8YkCYKE2rwmi0=",
      "requires": {
        "@types/lodash": "*"
      }
    },
    "@types/prop-types": {
      "version": "15.7.3",
      "resolved": "https://registry.npm.taobao.org/@types/prop-types/download/@types/prop-types-15.7.3.tgz",
      "integrity": "sha1-KrDV2i5YFflLC51LldHl8kOrLKc="
    },
    "@types/react": {
      "version": "16.9.13",
      "resolved": "https://registry.npm.taobao.org/@types/react/download/@types/react-16.9.13.tgz",
      "integrity": "sha1-s+pd1EP0poBZniq7qMxm9eHOAFk=",
      "requires": {
        "@types/prop-types": "*",
        "csstype": "^2.2.0"
      }
    },
    "babel-loader": {
      "version": "8.0.6",
      "resolved": "https://registry.npmjs.org/babel-loader/-/babel-loader-8.0.6.tgz",
      "integrity": "sha512-4BmWKtBOBm13uoUwd08UwjZlaw3O9GWf456R9j+5YykFZ6LUIjIKLc0zEZf+hauxPOJs96C8k6FvYD09vWzhYw==",
      "requires": {
        "find-cache-dir": "^2.0.0",
        "loader-utils": "^1.0.2",
        "mkdirp": "^0.5.1",
        "pify": "^4.0.1"
      }
    },
    "big.js": {
      "version": "5.2.2",
      "resolved": "https://registry.npmjs.org/big.js/-/big.js-5.2.2.tgz",
      "integrity": "sha512-vyL2OymJxmarO8gxMr0mhChsO9QGwhynfuu4+MHTAW6czfq9humCB7rKpUjDd9YUiDPU4mzpyupFSvOClAwbmQ=="
    },
    "commondir": {
      "version": "1.0.1",
      "resolved": "https://registry.npmjs.org/commondir/-/commondir-1.0.1.tgz",
      "integrity": "sha1-3dgA2gxmEnOTzKWVDqloo6rxJTs="
    },
    "csstype": {
      "version": "2.6.7",
      "resolved": "https://registry.npm.taobao.org/csstype/download/csstype-2.6.7.tgz?cache=0&sync_timestamp=1575229487110&other_urls=https%3A%2F%2Fregistry.npm.taobao.org%2Fcsstype%2Fdownload%2Fcsstype-2.6.7.tgz",
      "integrity": "sha1-ILACTCC2cY9O2jhTofWhzOf15KU="
    },
    "emojis-list": {
      "version": "2.1.0",
      "resolved": "https://registry.npmjs.org/emojis-list/-/emojis-list-2.1.0.tgz",
      "integrity": "sha1-TapNnbAPmBmIDHn6RXrlsJof04k="
    },
    "find-cache-dir": {
      "version": "2.1.0",
      "resolved": "https://registry.npmjs.org/find-cache-dir/-/find-cache-dir-2.1.0.tgz",
      "integrity": "sha512-Tq6PixE0w/VMFfCgbONnkiQIVol/JJL7nRMi20fqzA4NRs9AfeqMGeRdPi3wIhYkxjeBaWh2rxwapn5Tu3IqOQ==",
      "requires": {
        "commondir": "^1.0.1",
        "make-dir": "^2.0.0",
        "pkg-dir": "^3.0.0"
      }
    },
    "find-up": {
      "version": "3.0.0",
      "resolved": "https://registry.npmjs.org/find-up/-/find-up-3.0.0.tgz",
      "integrity": "sha512-1yD6RmLI1XBfxugvORwlck6f75tYL+iR0jqwsOrOxMZyGYqUuDhJ0l4AXdO1iX/FTs9cBAMEk1gWSEx1kSbylg==",
      "requires": {
        "locate-path": "^3.0.0"
      }
    },
    "js-tokens": {
      "version": "4.0.0",
      "resolved": "https://registry.npm.taobao.org/js-tokens/download/js-tokens-4.0.0.tgz",
      "integrity": "sha1-GSA/tZmR35jjoocFDUZHzerzJJk="
    },
    "json5": {
      "version": "1.0.1",
      "resolved": "https://registry.npmjs.org/json5/-/json5-1.0.1.tgz",
      "integrity": "sha512-aKS4WQjPenRxiQsC93MNfjx+nbF4PAdYzmd/1JIj8HYzqfbu86beTuNgXDzPknWk0n0uARlyewZo4s++ES36Ow==",
      "requires": {
        "minimist": "^1.2.0"
      }
    },
    "loader-utils": {
      "version": "1.2.3",
      "resolved": "https://registry.npmjs.org/loader-utils/-/loader-utils-1.2.3.tgz",
      "integrity": "sha512-fkpz8ejdnEMG3s37wGL07iSBDg99O9D5yflE9RGNH3hRdx9SOwYfnGYdZOUIZitN8E+E2vkq3MUMYMvPYl5ZZA==",
      "requires": {
        "big.js": "^5.2.2",
        "emojis-list": "^2.0.0",
        "json5": "^1.0.1"
      }
    },
    "locate-path": {
      "version": "3.0.0",
      "resolved": "https://registry.npmjs.org/locate-path/-/locate-path-3.0.0.tgz",
      "integrity": "sha512-7AO748wWnIhNqAuaty2ZWHkQHRSNfPVIsPIfwEOWO22AmaoVrWavlOcMR5nzTLNYvp36X220/maaRsrec1G65A==",
      "requires": {
        "p-locate": "^3.0.0",
        "path-exists": "^3.0.0"
      }
    },
    "lodash-es": {
      "version": "4.17.15",
      "resolved": "https://registry.npm.taobao.org/lodash-es/download/lodash-es-4.17.15.tgz",
      "integrity": "sha1-Ib2Wg5NUQS8j16EDQOXqxu5FXXg="
    },
    "loose-envify": {
      "version": "1.4.0",
      "resolved": "https://registry.npm.taobao.org/loose-envify/download/loose-envify-1.4.0.tgz",
      "integrity": "sha1-ce5R+nvkyuwaY4OffmgtgTLTDK8=",
      "requires": {
        "js-tokens": "^3.0.0 || ^4.0.0"
      }
    },
    "make-dir": {
      "version": "2.1.0",
      "resolved": "https://registry.npmjs.org/make-dir/-/make-dir-2.1.0.tgz",
      "integrity": "sha512-LS9X+dc8KLxXCb8dni79fLIIUA5VyZoyjSMCwTluaXA0o27cCK0bhXkpgw+sTXVpPy/lSO57ilRixqk0vDmtRA==",
      "requires": {
        "pify": "^4.0.1",
        "semver": "^5.6.0"
      }
    },
    "minimist": {
      "version": "1.2.0",
      "resolved": "https://registry.npmjs.org/minimist/-/minimist-1.2.0.tgz",
      "integrity": "sha1-o1AIsg9BOD7sH7kU9M1d95omQoQ="
    },
    "mkdirp": {
      "version": "0.5.1",
      "resolved": "https://registry.npmjs.org/mkdirp/-/mkdirp-0.5.1.tgz",
      "integrity": "sha1-MAV0OOrGz3+MR2fzhkjWaX11yQM=",
      "requires": {
        "minimist": "0.0.8"
      },
      "dependencies": {
        "minimist": {
          "version": "0.0.8",
          "resolved": "https://registry.npmjs.org/minimist/-/minimist-0.0.8.tgz",
          "integrity": "sha1-hX/Kv8M5fSYluCKCYuhqp6ARsF0="
        }
      }
    },
    "object-assign": {
      "version": "4.1.1",
      "resolved": "https://registry.npm.taobao.org/object-assign/download/object-assign-4.1.1.tgz",
      "integrity": "sha1-IQmtx5ZYh8/AXLvUQsrIv7s2CGM="
    },
    "p-limit": {
      "version": "2.2.1",
      "resolved": "https://registry.npmjs.org/p-limit/-/p-limit-2.2.1.tgz",
      "integrity": "sha512-85Tk+90UCVWvbDavCLKPOLC9vvY8OwEX/RtKF+/1OADJMVlFfEHOiMTPVyxg7mk/dKa+ipdHm0OUkTvCpMTuwg==",
      "requires": {
        "p-try": "^2.0.0"
      }
    },
    "p-locate": {
      "version": "3.0.0",
      "resolved": "https://registry.npmjs.org/p-locate/-/p-locate-3.0.0.tgz",
      "integrity": "sha512-x+12w/To+4GFfgJhBEpiDcLozRJGegY+Ei7/z0tSLkMmxGZNybVMSfWj9aJn8Z5Fc7dBUNJOOVgPv2H7IwulSQ==",
      "requires": {
        "p-limit": "^2.0.0"
      }
    },
    "p-try": {
      "version": "2.2.0",
      "resolved": "https://registry.npmjs.org/p-try/-/p-try-2.2.0.tgz",
      "integrity": "sha512-R4nPAVTAU0B9D35/Gk3uJf/7XYbQcyohSKdvAxIRSNghFl4e71hVoGnBNQz9cWaXxO2I10KTC+3jMdvvoKw6dQ=="
    },
    "path-exists": {
      "version": "3.0.0",
      "resolved": "https://registry.npmjs.org/path-exists/-/path-exists-3.0.0.tgz",
      "integrity": "sha1-zg6+ql94yxiSXqfYENe1mwEP1RU="
    },
    "pify": {
      "version": "4.0.1",
      "resolved": "https://registry.npmjs.org/pify/-/pify-4.0.1.tgz",
      "integrity": "sha512-uB80kBFb/tfd68bVleG9T5GGsGPjJrLAUpR5PZIrhBnIaRTQRjqdJSsIKkOP6OAIFbj7GOrcudc5pNjZ+geV2g=="
    },
    "pkg-dir": {
      "version": "3.0.0",
      "resolved": "https://registry.npmjs.org/pkg-dir/-/pkg-dir-3.0.0.tgz",
      "integrity": "sha512-/E57AYkoeQ25qkxMj5PBOVgF8Kiu/h7cYS30Z5+R7WaiCCBfLq58ZI/dSeaEKb9WVJV5n/03QwrN3IeWIFllvw==",
      "requires": {
        "find-up": "^3.0.0"
      }
    },
    "prop-types": {
      "version": "15.7.2",
      "resolved": "https://registry.npm.taobao.org/prop-types/download/prop-types-15.7.2.tgz",
      "integrity": "sha1-UsQedbjIfnK52TYOAga5ncv/psU=",
      "requires": {
        "loose-envify": "^1.4.0",
        "object-assign": "^4.1.1",
        "react-is": "^16.8.1"
      }
    },
    "react": {
      "version": "16.12.0",
      "resolved": "https://registry.npm.taobao.org/react/download/react-16.12.0.tgz",
      "integrity": "sha1-DAqcahQkKeNhSDTVp3jhiqeKC4M=",
      "requires": {
        "loose-envify": "^1.1.0",
        "object-assign": "^4.1.1",
        "prop-types": "^15.6.2"
      }
    },
    "react-is": {
      "version": "16.12.0",
      "resolved": "https://registry.npm.taobao.org/react-is/download/react-is-16.12.0.tgz?cache=0&sync_timestamp=1574323625120&other_urls=https%3A%2F%2Fregistry.npm.taobao.org%2Freact-is%2Fdownload%2Freact-is-16.12.0.tgz",
      "integrity": "sha1-LMD+D7p0LZf9UnxCoTvsTusGJBw="
    },
    "semver": {
      "version": "5.7.1",
      "resolved": "https://registry.npmjs.org/semver/-/semver-5.7.1.tgz",
      "integrity": "sha512-sauaDf/PZdVgrLTNYHRtpXa1iRiKcaebiKQ1BJdpQlWH2lCvexQdX55snPFyK7QzpudqbCI0qXFfOasHdyNDGQ=="
    },
    "typescript": {
      "version": "3.7.2",
      "resolved": "https://registry.npm.taobao.org/typescript/download/typescript-3.7.2.tgz",
      "integrity": "sha1-J+SJuV+lkJRF6f717kjYFpetGPs="
    }
  }
}
